// !$*UTF8*$!
{
	archiveVersion = 1;
	classes = {
	};
	objectVersion = 50;
	objects = {

/* Begin PBXBuildFile section */
		C416573C25F0116400DE65B1 /* UITableView(extension).swift in Sources */ = {isa = PBXBuildFile; fileRef = C416573B25F0116400DE65B1 /* UITableView(extension).swift */; };
		C416573F25F011C000DE65B1 /* UIView(extension).swift in Sources */ = {isa = PBXBuildFile; fileRef = C416573E25F011C000DE65B1 /* UIView(extension).swift */; };
		C416574725F0232000DE65B1 /* UserSettingModel.swift in Sources */ = {isa = PBXBuildFile; fileRef = C416574625F0232000DE65B1 /* UserSettingModel.swift */; };
		C4510FA825F12C7000A5215C /* PersonImageTableViewCell.swift in Sources */ = {isa = PBXBuildFile; fileRef = C4510FA625F12C7000A5215C /* PersonImageTableViewCell.swift */; };
		C4510FA925F12C7000A5215C /* PersonImageTableViewCell.xib in Resources */ = {isa = PBXBuildFile; fileRef = C4510FA725F12C7000A5215C /* PersonImageTableViewCell.xib */; };
		C4510FAD25F12F5D00A5215C /* MyViewController.swift in Sources */ = {isa = PBXBuildFile; fileRef = C4510FAC25F12F5D00A5215C /* MyViewController.swift */; };
		C4747D6825F913D00048B2DA /* SaveButtonTableViewCell.swift in Sources */ = {isa = PBXBuildFile; fileRef = C4747D6625F913D00048B2DA /* SaveButtonTableViewCell.swift */; };
		C4747D6925F913D00048B2DA /* SaveButtonTableViewCell.xib in Resources */ = {isa = PBXBuildFile; fileRef = C4747D6725F913D00048B2DA /* SaveButtonTableViewCell.xib */; };
		C4853E1A25ED189100989796 /* AppDelegate.swift in Sources */ = {isa = PBXBuildFile; fileRef = C4853E1925ED189100989796 /* AppDelegate.swift */; };
		C4853E1C25ED189100989796 /* SceneDelegate.swift in Sources */ = {isa = PBXBuildFile; fileRef = C4853E1B25ED189100989796 /* SceneDelegate.swift */; };
		C4853E2125ED189100989796 /* Main.storyboard in Resources */ = {isa = PBXBuildFile; fileRef = C4853E1F25ED189100989796 /* Main.storyboard */; };
		C4853E2625ED189200989796 /* LaunchScreen.storyboard in Resources */ = {isa = PBXBuildFile; fileRef = C4853E2425ED189200989796 /* LaunchScreen.storyboard */; };
		C48946F525EE1EEF00D16DA5 /* Assets.xcassets in Resources */ = {isa = PBXBuildFile; fileRef = C48946F425EE1EEF00D16DA5 /* Assets.xcassets */; };
		C48946FF25EE900100D16DA5 /* ViewController(extension).swift in Sources */ = {isa = PBXBuildFile; fileRef = C48946FE25EE900100D16DA5 /* ViewController(extension).swift */; };
		C4CB72B225F1350400E64131 /* PersonInfoTableViewCell.swift in Sources */ = {isa = PBXBuildFile; fileRef = C4CB72B025F1350400E64131 /* PersonInfoTableViewCell.swift */; };
		C4CB72B325F1350400E64131 /* PersonInfoTableViewCell.xib in Resources */ = {isa = PBXBuildFile; fileRef = C4CB72B125F1350400E64131 /* PersonInfoTableViewCell.xib */; };
/* End PBXBuildFile section */

/* Begin PBXFileReference section */
		C416573B25F0116400DE65B1 /* UITableView(extension).swift */ = {isa = PBXFileReference; lastKnownFileType = sourcecode.swift; path = "UITableView(extension).swift"; sourceTree = "<group>"; };
		C416573E25F011C000DE65B1 /* UIView(extension).swift */ = {isa = PBXFileReference; lastKnownFileType = sourcecode.swift; path = "UIView(extension).swift"; sourceTree = "<group>"; };
		C416574625F0232000DE65B1 /* UserSettingModel.swift */ = {isa = PBXFileReference; lastKnownFileType = sourcecode.swift; path = UserSettingModel.swift; sourceTree = "<group>"; };
		C4510FA625F12C7000A5215C /* PersonImageTableViewCell.swift */ = {isa = PBXFileReference; lastKnownFileType = sourcecode.swift; path = PersonImageTableViewCell.swift; sourceTree = "<group>"; };
		C4510FA725F12C7000A5215C /* PersonImageTableViewCell.xib */ = {isa = PBXFileReference; lastKnownFileType = file.xib; path = PersonImageTableViewCell.xib; sourceTree = "<group>"; };
		C4510FAC25F12F5D00A5215C /* MyViewController.swift */ = {isa = PBXFileReference; lastKnownFileType = sourcecode.swift; path = MyViewController.swift; sourceTree = "<group>"; };
		C4747D6625F913D00048B2DA /* SaveButtonTableViewCell.swift */ = {isa = PBXFileReference; lastKnownFileType = sourcecode.swift; path = SaveButtonTableViewCell.swift; sourceTree = "<group>"; };
		C4747D6725F913D00048B2DA /* SaveButtonTableViewCell.xib */ = {isa = PBXFileReference; lastKnownFileType = file.xib; path = SaveButtonTableViewCell.xib; sourceTree = "<group>"; };
		C4853E1625ED189100989796 /* CustomTableViewProject.app */ = {isa = PBXFileReference; explicitFileType = wrapper.application; includeInIndex = 0; path = CustomTableViewProject.app; sourceTree = BUILT_PRODUCTS_DIR; };
		C4853E1925ED189100989796 /* AppDelegate.swift */ = {isa = PBXFileReference; lastKnownFileType = sourcecode.swift; path = AppDelegate.swift; sourceTree = "<group>"; };
		C4853E1B25ED189100989796 /* SceneDelegate.swift */ = {isa = PBXFileReference; lastKnownFileType = sourcecode.swift; path = SceneDelegate.swift; sourceTree = "<group>"; };
		C4853E2025ED189100989796 /* Base */ = {isa = PBXFileReference; lastKnownFileType = file.storyboard; name = Base; path = Base.lproj/Main.storyboard; sourceTree = "<group>"; };
		C4853E2525ED189200989796 /* Base */ = {isa = PBXFileReference; lastKnownFileType = file.storyboard; name = Base; path = Base.lproj/LaunchScreen.storyboard; sourceTree = "<group>"; };
		C4853E2725ED189200989796 /* Info.plist */ = {isa = PBXFileReference; lastKnownFileType = text.plist.xml; path = Info.plist; sourceTree = "<group>"; };
		C48946F425EE1EEF00D16DA5 /* Assets.xcassets */ = {isa = PBXFileReference; lastKnownFileType = folder.assetcatalog; path = Assets.xcassets; sourceTree = "<group>"; };
		C48946FE25EE900100D16DA5 /* ViewController(extension).swift */ = {isa = PBXFileReference; lastKnownFileType = sourcecode.swift; path = "ViewController(extension).swift"; sourceTree = "<group>"; };
		C4CB72B025F1350400E64131 /* PersonInfoTableViewCell.swift */ = {isa = PBXFileReference; lastKnownFileType = sourcecode.swift; path = PersonInfoTableViewCell.swift; sourceTree = "<group>"; };
		C4CB72B125F1350400E64131 /* PersonInfoTableViewCell.xib */ = {isa = PBXFileReference; lastKnownFileType = file.xib; path = PersonInfoTableViewCell.xib; sourceTree = "<group>"; };
/* End PBXFileReference section */

/* Begin PBXFrameworksBuildPhase section */
		C4853E1325ED189100989796 /* Frameworks */ = {
			isa = PBXFrameworksBuildPhase;
			buildActionMask = 2147483647;
			files = (
			);
			runOnlyForDeploymentPostprocessing = 0;
		};
/* End PBXFrameworksBuildPhase section */

/* Begin PBXGroup section */
		C416573A25F0112900DE65B1 /* Extension */ = {
			isa = PBXGroup;
			children = (
				C48946FE25EE900100D16DA5 /* ViewController(extension).swift */,
				C416573B25F0116400DE65B1 /* UITableView(extension).swift */,
				C416573E25F011C000DE65B1 /* UIView(extension).swift */,
			);
			path = Extension;
			sourceTree = "<group>";
		};
		C416574925F0232F00DE65B1 /* Model */ = {
			isa = PBXGroup;
			children = (
				C416574625F0232000DE65B1 /* UserSettingModel.swift */,
			);
			path = Model;
			sourceTree = "<group>";
		};
		C4510FAB25F12F1C00A5215C /* Xib */ = {
			isa = PBXGroup;
			children = (
				C4747D6B25F91F900048B2DA /* PersonImage */,
				C4747D6C25F91FB50048B2DA /* PersonInfo */,
				C4747D6D25F91FD50048B2DA /* SaveButton */,
			);
			path = Xib;
			sourceTree = "<group>";
		};
		C4747D6B25F91F900048B2DA /* PersonImage */ = {
			isa = PBXGroup;
			children = (
				C4510FA625F12C7000A5215C /* PersonImageTableViewCell.swift */,
				C4510FA725F12C7000A5215C /* PersonImageTableViewCell.xib */,
			);
			path = PersonImage;
			sourceTree = "<group>";
		};
		C4747D6C25F91FB50048B2DA /* PersonInfo */ = {
			isa = PBXGroup;
			children = (
				C4CB72B025F1350400E64131 /* PersonInfoTableViewCell.swift */,
				C4CB72B125F1350400E64131 /* PersonInfoTableViewCell.xib */,
			);
			path = PersonInfo;
			sourceTree = "<group>";
		};
		C4747D6D25F91FD50048B2DA /* SaveButton */ = {
			isa = PBXGroup;
			children = (
				C4747D6625F913D00048B2DA /* SaveButtonTableViewCell.swift */,
				C4747D6725F913D00048B2DA /* SaveButtonTableViewCell.xib */,
			);
			path = SaveButton;
			sourceTree = "<group>";
		};
		C4853E0D25ED189100989796 = {
			isa = PBXGroup;
			children = (
				C4853E1825ED189100989796 /* CustomTableViewProject */,
				C4853E1725ED189100989796 /* Products */,
			);
			sourceTree = "<group>";
		};
		C4853E1725ED189100989796 /* Products */ = {
			isa = PBXGroup;
			children = (
				C4853E1625ED189100989796 /* CustomTableViewProject.app */,
			);
			name = Products;
			sourceTree = "<group>";
		};
		C4853E1825ED189100989796 /* CustomTableViewProject */ = {
			isa = PBXGroup;
			children = (
				C4853E1925ED189100989796 /* AppDelegate.swift */,
				C4853E1B25ED189100989796 /* SceneDelegate.swift */,
				C4853E1F25ED189100989796 /* Main.storyboard */,
				C4510FAB25F12F1C00A5215C /* Xib */,
				C416574925F0232F00DE65B1 /* Model */,
				C4510FAC25F12F5D00A5215C /* MyViewController.swift */,
				C416573A25F0112900DE65B1 /* Extension */,
				C4853E2425ED189200989796 /* LaunchScreen.storyboard */,
				C48946F425EE1EEF00D16DA5 /* Assets.xcassets */,
				C4853E2725ED189200989796 /* Info.plist */,
			);
			path = CustomTableViewProject;
			sourceTree = "<group>";
		};
/* End PBXGroup section */

/* Begin PBXNativeTarget section */
		C4853E1525ED189100989796 /* CustomTableViewProject */ = {
			isa = PBXNativeTarget;
			buildConfigurationList = C4853E2A25ED189200989796 /* Build configuration list for PBXNativeTarget "CustomTableViewProject" */;
			buildPhases = (
				C4853E1225ED189100989796 /* Sources */,
				C4853E1325ED189100989796 /* Frameworks */,
				C4853E1425ED189100989796 /* Resources */,
			);
			buildRules = (
			);
			dependencies = (
			);
			name = CustomTableViewProject;
			productName = CustomTableViewProject;
			productReference = C4853E1625ED189100989796 /* CustomTableViewProject.app */;
			productType = "com.apple.product-type.application";
		};
/* End PBXNativeTarget section */

/* Begin PBXProject section */
		C4853E0E25ED189100989796 /* Project object */ = {
			isa = PBXProject;
			attributes = {
				LastSwiftUpdateCheck = 1240;
				LastUpgradeCheck = 1240;
				TargetAttributes = {
					C4853E1525ED189100989796 = {
						CreatedOnToolsVersion = 12.4;
					};
				};
			};
			buildConfigurationList = C4853E1125ED189100989796 /* Build configuration list for PBXProject "CustomTableViewProject" */;
			compatibilityVersion = "Xcode 9.3";
			developmentRegion = en;
			hasScannedForEncodings = 0;
			knownRegions = (
				en,
				Base,
			);
			mainGroup = C4853E0D25ED189100989796;
			productRefGroup = C4853E1725ED189100989796 /* Products */;
			projectDirPath = "";
			projectRoot = "";
			targets = (
				C4853E1525ED189100989796 /* CustomTableViewProject */,
			);
		};
/* End PBXProject section */

/* Begin PBXResourcesBuildPhase section */
		C4853E1425ED189100989796 /* Resources */ = {
			isa = PBXResourcesBuildPhase;
			buildActionMask = 2147483647;
			files = (
				C4CB72B325F1350400E64131 /* PersonInfoTableViewCell.xib in Resources */,
				C4853E2625ED189200989796 /* LaunchScreen.storyboard in Resources */,
				C48946F525EE1EEF00D16DA5 /* Assets.xcassets in Resources */,
				C4510FA925F12C7000A5215C /* PersonImageTableViewCell.xib in Resources */,
				C4747D6925F913D00048B2DA /* SaveButtonTableViewCell.xib in Resources */,
				C4853E2125ED189100989796 /* Main.storyboard in Resources */,
			);
			runOnlyForDeploymentPostprocessing = 0;
		};
/* End PBXResourcesBuildPhase section */

/* Begin PBXSourcesBuildPhase section */
		C4853E1225ED189100989796 /* Sources */ = {
			isa = PBXSourcesBuildPhase;
			buildActionMask = 2147483647;
			files = (
				C4510FA825F12C7000A5215C /* PersonImageTableViewCell.swift in Sources */,
				C4747D6825F913D00048B2DA /* SaveButtonTableViewCell.swift in Sources */,
				C416573F25F011C000DE65B1 /* UIView(extension).swift in Sources */,
				C4853E1A25ED189100989796 /* AppDelegate.swift in Sources */,
				C4CB72B225F1350400E64131 /* PersonInfoTableViewCell.swift in Sources */,
				C48946FF25EE900100D16DA5 /* ViewController(extension).swift in Sources */,
				C416574725F0232000DE65B1 /* UserSettingModel.swift in Sources */,
				C4853E1C25ED189100989796 /* SceneDelegate.swift in Sources */,
				C4510FAD25F12F5D00A5215C /* MyViewController.swift in Sources */,
				C416573C25F0116400DE65B1 /* UITableView(extension).swift in Sources */,
			);
			runOnlyForDeploymentPostprocessing = 0;
		};
/* End PBXSourcesBuildPhase section */

/* Begin PBXVariantGroup section */
		C4853E1F25ED189100989796 /* Main.storyboard */ = {
			isa = PBXVariantGroup;
			children = (
				C4853E2025ED189100989796 /* Base */,
			);
			name = Main.storyboard;
			sourceTree = "<group>";
		};
		C4853E2425ED189200989796 /* LaunchScreen.storyboard */ = {
			isa = PBXVariantGroup;
			children = (
				C4853E2525ED189200989796 /* Base */,
			);
			name = LaunchScreen.storyboard;
			sourceTree = "<group>";
		};
/* End PBXVariantGroup section */

/* Begin XCBuildConfiguration section */
		C4853E2825ED189200989796 /* Debug */ = {
			isa = XCBuildConfiguration;
			buildSettings = {
				ALWAYS_SEARCH_USER_PATHS = NO;
				CLANG_ANALYZER_NONNULL = YES;
				CLANG_ANALYZER_NUMBER_OBJECT_CONVERSION = YES_AGGRESSIVE;
				CLANG_CXX_LANGUAGE_STANDARD = "gnu++14";
				CLANG_CXX_LIBRARY = "libc++";
				CLANG_ENABLE_MODULES = YES;
				CLANG_ENABLE_OBJC_ARC = YES;
				CLANG_ENABLE_OBJC_WEAK = YES;
				CLANG_WARN_BLOCK_CAPTURE_AUTORELEASING = YES;
				CLANG_WARN_BOOL_CONVERSION = YES;
				CLANG_WARN_COMMA = YES;
				CLANG_WARN_CONSTANT_CONVERSION = YES;
				CLANG_WARN_DEPRECATED_OBJC_IMPLEMENTATIONS = YES;
				CLANG_WARN_DIRECT_OBJC_ISA_USAGE = YES_ERROR;
				CLANG_WARN_DOCUMENTATION_COMMENTS = YES;
				CLANG_WARN_EMPTY_BODY = YES;
				CLANG_WARN_ENUM_CONVERSION = YES;
				CLANG_WARN_INFINITE_RECURSION = YES;
				CLANG_WARN_INT_CONVERSION = YES;
				CLANG_WARN_NON_LITERAL_NULL_CONVERSION = YES;
				CLANG_WARN_OBJC_IMPLICIT_RETAIN_SELF = YES;
				CLANG_WARN_OBJC_LITERAL_CONVERSION = YES;
				CLANG_WARN_OBJC_ROOT_CLASS = YES_ERROR;
				CLANG_WARN_QUOTED_INCLUDE_IN_FRAMEWORK_HEADER = YES;
				CLANG_WARN_RANGE_LOOP_ANALYSIS = YES;
				CLANG_WARN_STRICT_PROTOTYPES = YES;
				CLANG_WARN_SUSPICIOUS_MOVE = YES;
				CLANG_WARN_UNGUARDED_AVAILABILITY = YES_AGGRESSIVE;
				CLANG_WARN_UNREACHABLE_CODE = YES;
				CLANG_WARN__DUPLICATE_METHOD_MATCH = YES;
				COPY_PHASE_STRIP = NO;
				DEBUG_INFORMATION_FORMAT = dwarf;
				ENABLE_STRICT_OBJC_MSGSEND = YES;
				ENABLE_TESTABILITY = YES;
				GCC_C_LANGUAGE_STANDARD = gnu11;
				GCC_DYNAMIC_NO_PIC = NO;
				GCC_NO_COMMON_BLOCKS = YES;
				GCC_OPTIMIZATION_LEVEL = 0;
				GCC_PREPROCESSOR_DEFINITIONS = (
					"DEBUG=1",
					"$(inherited)",
				);
				GCC_WARN_64_TO_32_BIT_CONVERSION = YES;
				GCC_WARN_ABOUT_RETURN_TYPE = YES_ERROR;
				GCC_WARN_UNDECLARED_SELECTOR = YES;
				GCC_WARN_UNINITIALIZED_AUTOS = YES_AGGRESSIVE;
				GCC_WARN_UNUSED_FUNCTION = YES;
				GCC_WARN_UNUSED_VARIABLE = YES;
				IPHONEOS_DEPLOYMENT_TARGET = 14.4;
				MTL_ENABLE_DEBUG_INFO = INCLUDE_SOURCE;
				MTL_FAST_MATH = YES;
				ONLY_ACTIVE_ARCH = YES;
				SDKROOT = iphoneos;
				SWIFT_ACTIVE_COMPILATION_CONDITIONS = DEBUG;
				SWIFT_OPTIMIZATION_LEVEL = "-Onone";
			};
			name = Debug;
		};
		C4853E2925ED189200989796 /* Release */ = {
			isa = XCBuildConfiguration;
			buildSettings = {
				ALWAYS_SEARCH_USER_PATHS = NO;
				CLANG_ANALYZER_NONNULL = YES;
				CLANG_ANALYZER_NUMBER_OBJECT_CONVERSION = YES_AGGRESSIVE;
				CLANG_CXX_LANGUAGE_STANDARD = "gnu++14";
				CLANG_CXX_LIBRARY = "libc++";
				CLANG_ENABLE_MODULES = YES;
				CLANG_ENABLE_OBJC_ARC = YES;
				CLANG_ENABLE_OBJC_WEAK = YES;
				CLANG_WARN_BLOCK_CAPTURE_AUTORELEASING = YES;
				CLANG_WARN_BOOL_CONVERSION = YES;
				CLANG_WARN_COMMA = YES;
				CLANG_WARN_CONSTANT_CONVERSION = YES;
				CLANG_WARN_DEPRECATED_OBJC_IMPLEMENTATIONS = YES;
				CLANG_WARN_DIRECT_OBJC_ISA_USAGE = YES_ERROR;
				CLANG_WARN_DOCUMENTATION_COMMENTS = YES;
				CLANG_WARN_EMPTY_BODY = YES;
				CLANG_WARN_ENUM_CONVERSION = YES;
				CLANG_WARN_INFINITE_RECURSION = YES;
				CLANG_WARN_INT_CONVERSION = YES;
				CLANG_WARN_NON_LITERAL_NULL_CONVERSION = YES;
				CLANG_WARN_OBJC_IMPLICIT_RETAIN_SELF = YES;
				CLANG_WARN_OBJC_LITERAL_CONVERSION = YES;
				CLANG_WARN_OBJC_ROOT_CLASS = YES_ERROR;
				CLANG_WARN_QUOTED_INCLUDE_IN_FRAMEWORK_HEADER = YES;
				CLANG_WARN_RANGE_LOOP_ANALYSIS = YES;
				CLANG_WARN_STRICT_PROTOTYPES = YES;
				CLANG_WARN_SUSPICIOUS_MOVE = YES;
				CLANG_WARN_UNGUARDED_AVAILABILITY = YES_AGGRESSIVE;
				CLANG_WARN_UNREACHABLE_CODE = YES;
				CLANG_WARN__DUPLICATE_METHOD_MATCH = YES;
				COPY_PHASE_STRIP = NO;
				DEBUG_INFORMATION_FORMAT = "dwarf-with-dsym";
				ENABLE_NS_ASSERTIONS = NO;
				ENABLE_STRICT_OBJC_MSGSEND = YES;
				GCC_C_LANGUAGE_STANDARD = gnu11;
				GCC_NO_COMMON_BLOCKS = YES;
				GCC_WARN_64_TO_32_BIT_CONVERSION = YES;
				GCC_WARN_ABOUT_RETURN_TYPE = YES_ERROR;
				GCC_WARN_UNDECLARED_SELECTOR = YES;
				GCC_WARN_UNINITIALIZED_AUTOS = YES_AGGRESSIVE;
				GCC_WARN_UNUSED_FUNCTION = YES;
				GCC_WARN_UNUSED_VARIABLE = YES;
				IPHONEOS_DEPLOYMENT_TARGET = 14.4;
				MTL_ENABLE_DEBUG_INFO = NO;
				MTL_FAST_MATH = YES;
				SDKROOT = iphoneos;
				SWIFT_COMPILATION_MODE = wholemodule;
				SWIFT_OPTIMIZATION_LEVEL = "-O";
				VALIDATE_PRODUCT = YES;
			};
			name = Release;
		};
		C4853E2B25ED189200989796 /* Debug */ = {
			isa = XCBuildConfiguration;
			buildSettings = {
				ASSETCATALOG_COMPILER_APPICON_NAME = AppIcon;
				ASSETCATALOG_COMPILER_GLOBAL_ACCENT_COLOR_NAME = AccentColor;
				CODE_SIGN_STYLE = Automatic;
				DEVELOPMENT_TEAM = 7FWE3GPY5W;
				INFOPLIST_FILE = CustomTableViewProject/Info.plist;
				IPHONEOS_DEPLOYMENT_TARGET = 13.0;
				LD_RUNPATH_SEARCH_PATHS = (
					"$(inherited)",
					"@executable_path/Frameworks",
				);
				PRODUCT_BUNDLE_IDENTIFIER = Yaroslav.CustomTableViewProject;
				PRODUCT_NAME = "$(TARGET_NAME)";
				SWIFT_VERSION = 5.0;
				TARGETED_DEVICE_FAMILY = 1;
			};
			name = Debug;
		};
		C4853E2C25ED189200989796 /* Release */ = {
			isa = XCBuildConfiguration;
			buildSettings = {
				ASSETCATALOG_COMPILER_APPICON_NAME = AppIcon;
				ASSETCATALOG_COMPILER_GLOBAL_ACCENT_COLOR_NAME = AccentColor;
				CODE_SIGN_STYLE = Automatic;
				DEVELOPMENT_TEAM = 7FWE3GPY5W;
				INFOPLIST_FILE = CustomTableViewProject/Info.plist;
				IPHONEOS_DEPLOYMENT_TARGET = 13.0;
				LD_RUNPATH_SEARCH_PATHS = (
					"$(inherited)",
					"@executable_path/Frameworks",
				);
				PRODUCT_BUNDLE_IDENTIFIER = Yaroslav.CustomTableViewProject;
				PRODUCT_NAME = "$(TARGET_NAME)";
				SWIFT_VERSION = 5.0;
				TARGETED_DEVICE_FAMILY = 1;
			};
			name = Release;
		};
/* End XCBuildConfiguration section */

/* Begin XCConfigurationList section */
		C4853E1125ED189100989796 /* Build configuration list for PBXProject "CustomTableViewProject" */ = {
			isa = XCConfigurationList;
			buildConfigurations = (
				C4853E2825ED189200989796 /* Debug */,
				C4853E2925ED189200989796 /* Release */,
			);
			defaultConfigurationIsVisible = 0;
			defaultConfigurationName = Release;
		};
		C4853E2A25ED189200989796 /* Build configuration list for PBXNativeTarget "CustomTableViewProject" */ = {
			isa = XCConfigurationList;
			buildConfigurations = (
				C4853E2B25ED189200989796 /* Debug */,
				C4853E2C25ED189200989796 /* Release */,
			);
			defaultConfigurationIsVisible = 0;
			defaultConfigurationName = Release;
		};
/* End XCConfigurationList section */
	};
	rootObject = C4853E0E25ED189100989796 /* Project object */;
}
